{
  "name": "js-native-slider",
  "version": "1.0.0",
  "lockfileVersion": 2,
  "requires": true,
  "packages": {
    "": {
      "name": "js-native-slider",
      "version": "1.0.0",
      "license": "MIT",
      "dependencies": {
        "@fortawesome/fontawesome-free": "^5.13.0"
      },
      "devDependencies": {}
    },
    "node_modules/@fortawesome/fontawesome-free": {
      "version": "5.13.0",
      "resolved": "https://registry.npmjs.org/@fortawesome/fontawesome-free/-/fontawesome-free-5.13.0.tgz",
      "integrity": "sha512-xKOeQEl5O47GPZYIMToj6uuA2syyFlq9EMSl2ui0uytjY9xbe8XS0pexNWmxrdcCyNGyDmLyYw5FtKsalBUeOg==",
      "engines": {
        "node": ">=6"
      }
    }
  },
  "dependencies": {
    "@fortawesome/fontawesome-free": {
      "version": "5.13.0",
      "resolved": "https://registry.npmjs.org/@fortawesome/fontawesome-free/-/fontawesome-free-5.13.0.tgz",
      "integrity": "sha512-xKOeQEl5O47GPZYIMToj6uuA2syyFlq9EMSl2ui0uytjY9xbe8XS0pexNWmxrdcCyNGyDmLyYw5FtKsalBUeOg=="
    }
  }
}
